// !$*UTF8*$!
{
	archiveVersion = 1;
	classes = {
	};
	objectVersion = 46;
	objects = {

/* Begin PBXBuildFile section */
		359384461A548D8A00D1414D /* AppDelegate.swift in Sources */ = {isa = PBXBuildFile; fileRef = 359384451A548D8A00D1414D /* AppDelegate.swift */; };
		359384481A548D8A00D1414D /* ViewController.swift in Sources */ = {isa = PBXBuildFile; fileRef = 359384471A548D8A00D1414D /* ViewController.swift */; };
		3593844B1A548D8A00D1414D /* Main.storyboard in Resources */ = {isa = PBXBuildFile; fileRef = 359384491A548D8A00D1414D /* Main.storyboard */; };
		3593844D1A548D8A00D1414D /* Images.xcassets in Resources */ = {isa = PBXBuildFile; fileRef = 3593844C1A548D8A00D1414D /* Images.xcassets */; };
		359384501A548D8A00D1414D /* LaunchScreen.xib in Resources */ = {isa = PBXBuildFile; fileRef = 3593844E1A548D8A00D1414D /* LaunchScreen.xib */; };
		3593845C1A548D8A00D1414D /* PostcardTests.swift in Sources */ = {isa = PBXBuildFile; fileRef = 3593845B1A548D8A00D1414D /* PostcardTests.swift */; };
		359384661A5585F900D1414D /* SagradaFamilia.jpeg in Resources */ = {isa = PBXBuildFile; fileRef = 359384651A5585F900D1414D /* SagradaFamilia.jpeg */; };
		359384681A558AC900D1414D /* AlbertEinsteinStamp.jpg in Resources */ = {isa = PBXBuildFile; fileRef = 359384671A558AC900D1414D /* AlbertEinsteinStamp.jpg */; };
/* End PBXBuildFile section */

/* Begin PBXContainerItemProxy section */
		359384561A548D8A00D1414D /* PBXContainerItemProxy */ = {
			isa = PBXContainerItemProxy;
			containerPortal = 359384381A548D8A00D1414D /* Project object */;
			proxyType = 1;
			remoteGlobalIDString = 3593843F1A548D8A00D1414D;
			remoteInfo = Postcard;
		};
/* End PBXContainerItemProxy section */

/* Begin PBXFileReference section */
		359384401A548D8A00D1414D /* Postcard.app */ = {isa = PBXFileReference; explicitFileType = wrapper.application; includeInIndex = 0; path = Postcard.app; sourceTree = BUILT_PRODUCTS_DIR; };
		359384441A548D8A00D1414D /* Info.plist */ = {isa = PBXFileReference; lastKnownFileType = text.plist.xml; path = Info.plist; sourceTree = "<group>"; };
		359384451A548D8A00D1414D /* AppDelegate.swift */ = {isa = PBXFileReference; lastKnownFileType = sourcecode.swift; path = AppDelegate.swift; sourceTree = "<group>"; };
		359384471A548D8A00D1414D /* ViewController.swift */ = {isa = PBXFileReference; lastKnownFileType = sourcecode.swift; path = ViewController.swift; sourceTree = "<group>"; };
		3593844A1A548D8A00D1414D /* Base */ = {isa = PBXFileReference; lastKnownFileType = file.storyboard; name = Base; path = Base.lproj/Main.storyboard; sourceTree = "<group>"; };
		3593844C1A548D8A00D1414D /* Images.xcassets */ = {isa = PBXFileReference; lastKnownFileType = folder.assetcatalog; path = Images.xcassets; sourceTree = "<group>"; };
		3593844F1A548D8A00D1414D /* Base */ = {isa = PBXFileReference; lastKnownFileType = file.xib; name = Base; path = Base.lproj/LaunchScreen.xib; sourceTree = "<group>"; };
		359384551A548D8A00D1414D /* PostcardTests.xctest */ = {isa = PBXFileReference; explicitFileType = wrapper.cfbundle; includeInIndex = 0; path = PostcardTests.xctest; sourceTree = BUILT_PRODUCTS_DIR; };
		3593845A1A548D8A00D1414D /* Info.plist */ = {isa = PBXFileReference; lastKnownFileType = text.plist.xml; path = Info.plist; sourceTree = "<group>"; };
		3593845B1A548D8A00D1414D /* PostcardTests.swift */ = {isa = PBXFileReference; lastKnownFileType = sourcecode.swift; path = PostcardTests.swift; sourceTree = "<group>"; };
		359384651A5585F900D1414D /* SagradaFamilia.jpeg */ = {isa = PBXFileReference; lastKnownFileType = image.jpeg; path = SagradaFamilia.jpeg; sourceTree = "<group>"; };
		359384671A558AC900D1414D /* AlbertEinsteinStamp.jpg */ = {isa = PBXFileReference; lastKnownFileType = image.jpeg; path = AlbertEinsteinStamp.jpg; sourceTree = "<group>"; };
/* End PBXFileReference section */

/* Begin PBXFrameworksBuildPhase section */
		3593843D1A548D8A00D1414D /* Frameworks */ = {
			isa = PBXFrameworksBuildPhase;
			buildActionMask = 2147483647;
			files = (
			);
			runOnlyForDeploymentPostprocessing = 0;
		};
		359384521A548D8A00D1414D /* Frameworks */ = {
			isa = PBXFrameworksBuildPhase;
			buildActionMask = 2147483647;
			files = (
			);
			runOnlyForDeploymentPostprocessing = 0;
		};
/* End PBXFrameworksBuildPhase section */

/* Begin PBXGroup section */
		359384371A548D8A00D1414D = {
			isa = PBXGroup;
			children = (
				359384421A548D8A00D1414D /* Postcard */,
				359384581A548D8A00D1414D /* PostcardTests */,
				359384411A548D8A00D1414D /* Products */,
			);
			sourceTree = "<group>";
		};
		359384411A548D8A00D1414D /* Products */ = {
			isa = PBXGroup;
			children = (
				359384401A548D8A00D1414D /* Postcard.app */,
				359384551A548D8A00D1414D /* PostcardTests.xctest */,
			);
			name = Products;
			sourceTree = "<group>";
		};
		359384421A548D8A00D1414D /* Postcard */ = {
			isa = PBXGroup;
			children = (
				359384451A548D8A00D1414D /* AppDelegate.swift */,
				359384471A548D8A00D1414D /* ViewController.swift */,
				359384491A548D8A00D1414D /* Main.storyboard */,
				3593844C1A548D8A00D1414D /* Images.xcassets */,
				3593844E1A548D8A00D1414D /* LaunchScreen.xib */,
				359384431A548D8A00D1414D /* Supporting Files */,
			);
			path = Postcard;
			sourceTree = "<group>";
		};
		359384431A548D8A00D1414D /* Supporting Files */ = {
			isa = PBXGroup;
			children = (
				359384671A558AC900D1414D /* AlbertEinsteinStamp.jpg */,
				359384651A5585F900D1414D /* SagradaFamilia.jpeg */,
				359384441A548D8A00D1414D /* Info.plist */,
			);
			name = "Supporting Files";
			sourceTree = "<group>";
		};
		359384581A548D8A00D1414D /* PostcardTests */ = {
			isa = PBXGroup;
			children = (
				3593845B1A548D8A00D1414D /* PostcardTests.swift */,
				359384591A548D8A00D1414D /* Supporting Files */,
			);
			path = PostcardTests;
			sourceTree = "<group>";
		};
		359384591A548D8A00D1414D /* Supporting Files */ = {
			isa = PBXGroup;
			children = (
				3593845A1A548D8A00D1414D /* Info.plist */,
			);
			name = "Supporting Files";
			sourceTree = "<group>";
		};
/* End PBXGroup section */

/* Begin PBXNativeTarget section */
		3593843F1A548D8A00D1414D /* Postcard */ = {
			isa = PBXNativeTarget;
			buildConfigurationList = 3593845F1A548D8A00D1414D /* Build configuration list for PBXNativeTarget "Postcard" */;
			buildPhases = (
				3593843C1A548D8A00D1414D /* Sources */,
				3593843D1A548D8A00D1414D /* Frameworks */,
				3593843E1A548D8A00D1414D /* Resources */,
			);
			buildRules = (
			);
			dependencies = (
			);
			name = Postcard;
			productName = Postcard;
			productReference = 359384401A548D8A00D1414D /* Postcard.app */;
			productType = "com.apple.product-type.application";
		};
		359384541A548D8A00D1414D /* PostcardTests */ = {
			isa = PBXNativeTarget;
			buildConfigurationList = 359384621A548D8A00D1414D /* Build configuration list for PBXNativeTarget "PostcardTests" */;
			buildPhases = (
				359384511A548D8A00D1414D /* Sources */,
				359384521A548D8A00D1414D /* Frameworks */,
				359384531A548D8A00D1414D /* Resources */,
			);
			buildRules = (
			);
			dependencies = (
				359384571A548D8A00D1414D /* PBXTargetDependency */,
			);
			name = PostcardTests;
			productName = PostcardTests;
			productReference = 359384551A548D8A00D1414D /* PostcardTests.xctest */;
			productType = "com.apple.product-type.bundle.unit-test";
		};
/* End PBXNativeTarget section */

/* Begin PBXProject section */
		359384381A548D8A00D1414D /* Project object */ = {
			isa = PBXProject;
			attributes = {
				LastUpgradeCheck = 0610;
				ORGANIZATIONNAME = patrick;
				TargetAttributes = {
					3593843F1A548D8A00D1414D = {
						CreatedOnToolsVersion = 6.1.1;
						DevelopmentTeam = P3DRM7NFCF;
					};
					359384541A548D8A00D1414D = {
						CreatedOnToolsVersion = 6.1.1;
						TestTargetID = 3593843F1A548D8A00D1414D;
					};
				};
			};
			buildConfigurationList = 3593843B1A548D8A00D1414D /* Build configuration list for PBXProject "Postcard" */;
			compatibilityVersion = "Xcode 3.2";
			developmentRegion = English;
			hasScannedForEncodings = 0;
			knownRegions = (
				en,
				Base,
			);
			mainGroup = 359384371A548D8A00D1414D;
			productRefGroup = 359384411A548D8A00D1414D /* Products */;
			projectDirPath = "";
			projectRoot = "";
			targets = (
				3593843F1A548D8A00D1414D /* Postcard */,
				359384541A548D8A00D1414D /* PostcardTests */,
			);
		};
/* End PBXProject section */

/* Begin PBXResourcesBuildPhase section */
		3593843E1A548D8A00D1414D /* Resources */ = {
			isa = PBXResourcesBuildPhase;
			buildActionMask = 2147483647;
			files = (
				3593844B1A548D8A00D1414D /* Main.storyboard in Resources */,
				359384661A5585F900D1414D /* SagradaFamilia.jpeg in Resources */,
				359384681A558AC900D1414D /* AlbertEinsteinStamp.jpg in Resources */,
				359384501A548D8A00D1414D /* LaunchScreen.xib in Resources */,
				3593844D1A548D8A00D1414D /* Images.xcassets in Resources */,
			);
			runOnlyForDeploymentPostprocessing = 0;
		};
		359384531A548D8A00D1414D /* Resources */ = {
			isa = PBXResourcesBuildPhase;
			buildActionMask = 2147483647;
			files = (
			);
			runOnlyForDeploymentPostprocessing = 0;
		};
/* End PBXResourcesBuildPhase section */

/* Begin PBXSourcesBuildPhase section */
		3593843C1A548D8A00D1414D /* Sources */ = {
			isa = PBXSourcesBuildPhase;
			buildActionMask = 2147483647;
			files = (
				359384481A548D8A00D1414D /* ViewController.swift in Sources */,
				359384461A548D8A00D1414D /* AppDelegate.swift in Sources */,
			);
			runOnlyForDeploymentPostprocessing = 0;
		};
		359384511A548D8A00D1414D /* Sources */ = {
			isa = PBXSourcesBuildPhase;
			buildActionMask = 2147483647;
			files = (
				3593845C1A548D8A00D1414D /* PostcardTests.swift in Sources */,
			);
			runOnlyForDeploymentPostprocessing = 0;
		};
/* End PBXSourcesBuildPhase section */

/* Begin PBXTargetDependency section */
		359384571A548D8A00D1414D /* PBXTargetDependency */ = {
			isa = PBXTargetDependency;
			target = 3593843F1A548D8A00D1414D /* Postcard */;
			targetProxy = 359384561A548D8A00D1414D /* PBXContainerItemProxy */;
		};
/* End PBXTargetDependency section */

/* Begin PBXVariantGroup section */
		359384491A548D8A00D1414D /* Main.storyboard */ = {
			isa = PBXVariantGroup;
			children = (
				3593844A1A548D8A00D1414D /* Base */,
			);
			name = Main.storyboard;
			sourceTree = "<group>";
		};
		3593844E1A548D8A00D1414D /* LaunchScreen.xib */ = {
			isa = PBXVariantGroup;
			children = (
				3593844F1A548D8A00D1414D /* Base */,
			);
			name = LaunchScreen.xib;
			sourceTree = "<group>";
		};
/* End PBXVariantGroup section */

/* Begin XCBuildConfiguration section */
		3593845D1A548D8A00D1414D /* Debug */ = {
			isa = XCBuildConfiguration;
			buildSettings = {
				ALWAYS_SEARCH_USER_PATHS = NO;
				CLANG_CXX_LANGUAGE_STANDARD = "gnu++0x";
				CLANG_CXX_LIBRARY = "libc++";
				CLANG_ENABLE_MODULES = YES;
				CLANG_ENABLE_OBJC_ARC = YES;
				CLANG_WARN_BOOL_CONVERSION = YES;
				CLANG_WARN_CONSTANT_CONVERSION = YES;
				CLANG_WARN_DIRECT_OBJC_ISA_USAGE = YES_ERROR;
				CLANG_WARN_EMPTY_BODY = YES;
				CLANG_WARN_ENUM_CONVERSION = YES;
				CLANG_WARN_INT_CONVERSION = YES;
				CLANG_WARN_OBJC_ROOT_CLASS = YES_ERROR;
				CLANG_WARN_UNREACHABLE_CODE = YES;
				CLANG_WARN__DUPLICATE_METHOD_MATCH = YES;
				"CODE_SIGN_IDENTITY[sdk=iphoneos*]" = "iPhone Developer";
				COPY_PHASE_STRIP = NO;
				ENABLE_STRICT_OBJC_MSGSEND = YES;
				GCC_C_LANGUAGE_STANDARD = gnu99;
				GCC_DYNAMIC_NO_PIC = NO;
				GCC_OPTIMIZATION_LEVEL = 0;
				GCC_PREPROCESSOR_DEFINITIONS = (
					"DEBUG=1",
					"$(inherited)",
				);
				GCC_SYMBOLS_PRIVATE_EXTERN = NO;
				GCC_WARN_64_TO_32_BIT_CONVERSION = YES;
				GCC_WARN_ABOUT_RETURN_TYPE = YES_ERROR;
				GCC_WARN_UNDECLARED_SELECTOR = YES;
				GCC_WARN_UNINITIALIZED_AUTOS = YES_AGGRESSIVE;
				GCC_WARN_UNUSED_FUNCTION = YES;
				GCC_WARN_UNUSED_VARIABLE = YES;
				IPHONEOS_DEPLOYMENT_TARGET = 8.1;
				MTL_ENABLE_DEBUG_INFO = YES;
				ONLY_ACTIVE_ARCH = YES;
				SDKROOT = iphoneos;
				SWIFT_OPTIMIZATION_LEVEL = "-Onone";
				TARGETED_DEVICE_FAMILY = "1,2";
			};
			name = Debug;
		};
		3593845E1A548D8A00D1414D /* Release */ = {
			isa = XCBuildConfiguration;
			buildSettings = {
				ALWAYS_SEARCH_USER_PATHS = NO;
				CLANG_CXX_LANGUAGE_STANDARD = "gnu++0x";
				CLANG_CXX_LIBRARY = "libc++";
				CLANG_ENABLE_MODULES = YES;
				CLANG_ENABLE_OBJC_ARC = YES;
				CLANG_WARN_BOOL_CONVERSION = YES;
				CLANG_WARN_CONSTANT_CONVERSION = YES;
				CLANG_WARN_DIRECT_OBJC_ISA_USAGE = YES_ERROR;
				CLANG_WARN_EMPTY_BODY = YES;
				CLANG_WARN_ENUM_CONVERSION = YES;
				CLANG_WARN_INT_CONVERSION = YES;
				CLANG_WARN_OBJC_ROOT_CLASS = YES_ERROR;
				CLANG_WARN_UNREACHABLE_CODE = YES;
				CLANG_WARN__DUPLICATE_METHOD_MATCH = YES;
				"CODE_SIGN_IDENTITY[sdk=iphoneos*]" = "iPhone Developer";
				COPY_PHASE_STRIP = YES;
				ENABLE_NS_ASSERTIONS = NO;
				ENABLE_STRICT_OBJC_MSGSEND = YES;
				GCC_C_LANGUAGE_STANDARD = gnu99;
				GCC_WARN_64_TO_32_BIT_CONVERSION = YES;
				GCC_WARN_ABOUT_RETURN_TYPE = YES_ERROR;
				GCC_WARN_UNDECLARED_SELECTOR = YES;
				GCC_WARN_UNINITIALIZED_AUTOS = YES_AGGRESSIVE;
				GCC_WARN_UNUSED_FUNCTION = YES;
				GCC_WARN_UNUSED_VARIABLE = YES;
				IPHONEOS_DEPLOYMENT_TARGET = 8.1;
				MTL_ENABLE_DEBUG_INFO = NO;
				SDKROOT = iphoneos;
				TARGETED_DEVICE_FAMILY = "1,2";
				VALIDATE_PRODUCT = YES;
			};
			name = Release;
		};
		359384601A548D8A00D1414D /* Debug */ = {
			isa = XCBuildConfiguration;
			buildSettings = {
				ASSETCATALOG_COMPILER_APPICON_NAME = AppIcon;
				INFOPLIST_FILE = Postcard/Info.plist;
				LD_RUNPATH_SEARCH_PATHS = "$(inherited) @executable_path/Frameworks";
				PRODUCT_NAME = "$(TARGET_NAME)";
			};
			name = Debug;
		};
		359384611A548D8A00D1414D /* Release */ = {
			isa = XCBuildConfiguration;
			buildSettings = {
				ASSETCATALOG_COMPILER_APPICON_NAME = AppIcon;
				INFOPLIST_FILE = Postcard/Info.plist;
				LD_RUNPATH_SEARCH_PATHS = "$(inherited) @executable_path/Frameworks";
				PRODUCT_NAME = "$(TARGET_NAME)";
			};
			name = Release;
		};
		359384631A548D8A00D1414D /* Debug */ = {
			isa = XCBuildConfiguration;
			buildSettings = {
				BUNDLE_LOADER = "$(TEST_HOST)";
				FRAMEWORK_SEARCH_PATHS = (
					"$(SDKROOT)/Developer/Library/Frameworks",
					"$(inherited)",
				);
				GCC_PREPROCESSOR_DEFINITIONS = (
					"DEBUG=1",
					"$(inherited)",
				);
				INFOPLIST_FILE = PostcardTests/Info.plist;
				LD_RUNPATH_SEARCH_PATHS = "$(inherited) @executable_path/Frameworks @loader_path/Frameworks";
				PRODUCT_NAME = "$(TARGET_NAME)";
				TEST_HOST = "$(BUILT_PRODUCTS_DIR)/Postcard.app/Postcard";
			};
			name = Debug;
		};
		359384641A548D8A00D1414D /* Release */ = {
			isa = XCBuildConfiguration;
			buildSettings = {
				BUNDLE_LOADER = "$(TEST_HOST)";
				FRAMEWORK_SEARCH_PATHS = (
					"$(SDKROOT)/Developer/Library/Frameworks",
					"$(inherited)",
				);
				INFOPLIST_FILE = PostcardTests/Info.plist;
				LD_RUNPATH_SEARCH_PATHS = "$(inherited) @executable_path/Frameworks @loader_path/Frameworks";
				PRODUCT_NAME = "$(TARGET_NAME)";
				TEST_HOST = "$(BUILT_PRODUCTS_DIR)/Postcard.app/Postcard";
			};
			name = Release;
		};
/* End XCBuildConfiguration section */

/* Begin XCConfigurationList section */
		3593843B1A548D8A00D1414D /* Build configuration list for PBXProject "Postcard" */ = {
			isa = XCConfigurationList;
			buildConfigurations = (
				3593845D1A548D8A00D1414D /* Debug */,
				3593845E1A548D8A00D1414D /* Release */,
			);
			defaultConfigurationIsVisible = 0;
			defaultConfigurationName = Release;
		};
		3593845F1A548D8A00D1414D /* Build configuration list for PBXNativeTarget "Postcard" */ = {
			isa = XCConfigurationList;
			buildConfigurations = (
				359384601A548D8A00D1414D /* Debug */,
				359384611A548D8A00D1414D /* Release */,
			);
			defaultConfigurationIsVisible = 0;
		};
		359384621A548D8A00D1414D /* Build configuration list for PBXNativeTarget "PostcardTests" */ = {
			isa = XCConfigurationList;
			buildConfigurations = (
				359384631A548D8A00D1414D /* Debug */,
				359384641A548D8A00D1414D /* Release */,
			);
			defaultConfigurationIsVisible = 0;
		};
/* End XCConfigurationList section */
	};
	rootObject = 359384381A548D8A00D1414D /* Project object */;
}
